
Microsoft Visual Studio Solution File, Format Version 12.00
# Visual Studio Version 17
VisualStudioVersion = 17.1.32421.90
MinimumVisualStudioVersion = 10.0.40219.1
Project("{FAE04EC0-301F-11D3-BF4B-00C04F79EFBC}") = "WebApiGestioneViaggi", "WebApiGestioneViaggi\WebApiGestioneViaggi.csproj", "{FB46E42D-32C1-4FE5-B850-DDAF9B925F6B}"
EndProject
Project("{FAE04EC0-301F-11D3-BF4B-00C04F79EFBC}") = "OfficeManagementClient", "OfficeManagementClient\OfficeManagementClient.csproj", "{7075CBEA-F6FB-4203-AA2A-24DE755290BA}"
EndProject
Global
	GlobalSection(SolutionConfigurationPlatforms) = preSolution
		Debug|Any CPU = Debug|Any CPU
		Release|Any CPU = Release|Any CPU
	EndGlobalSection
	GlobalSection(ProjectConfigurationPlatforms) = postSolution
		{FB46E42D-32C1-4FE5-B850-DDAF9B925F6B}.Debug|Any CPU.ActiveCfg = Debug|Any CPU
		{FB46E42D-32C1-4FE5-B850-DDAF9B925F6B}.Debug|Any CPU.Build.0 = Debug|Any CPU
		{FB46E42D-32C1-4FE5-B850-DDAF9B925F6B}.Release|Any CPU.ActiveCfg = Release|Any CPU
		{FB46E42D-32C1-4FE5-B850-DDAF9B925F6B}.Release|Any CPU.Build.0 = Release|Any CPU
		{7075CBEA-F6FB-4203-AA2A-24DE755290BA}.Debug|Any CPU.ActiveCfg = Debug|Any CPU
		{7075CBEA-F6FB-4203-AA2A-24DE755290BA}.Debug|Any CPU.Build.0 = Debug|Any CPU
		{7075CBEA-F6FB-4203-AA2A-24DE755290BA}.Release|Any CPU.ActiveCfg = Release|Any CPU
		{7075CBEA-F6FB-4203-AA2A-24DE755290BA}.Release|Any CPU.Build.0 = Release|Any CPU
	EndGlobalSection
	GlobalSection(SolutionProperties) = preSolution
		HideSolutionNode = FALSE
	EndGlobalSection
	GlobalSection(ExtensibilityGlobals) = postSolution
		SolutionGuid = {7DDF152C-757E-4545-9FE7-DD35183F54FD}
	EndGlobalSection
EndGlobal
